{
  "lockfileVersion": 2,
  "configVersion": 1,
  "workspaces": {
    "": {
      "name": "wrela-studio",
      "dependencies": {
        "@dimforge/rapier3d-compat": "0.19.2",
        "react": "19.2.0",
        "react-dom": "19.2.0",
        "zod": "4.1.12",
      },
      "devDependencies": {
        "@biomejs/biome": "2.3.8",
        "@types/bun": "1.3.10",
        "@types/react": "19.2.2",
        "@types/react-dom": "19.2.2",
        "@webgpu/types": "0.1.64",
        "typescript": "5.9.3",
      },
    },
    "apps/player": {
      "name": "@wrela/player",
      "version": "0.1.0",
      "dependencies": {
        "@wrela/authoring": "workspace:*",
        "@wrela/compiler": "workspace:*",
        "@wrela/model": "workspace:*",
        "@wrela/render-webgpu": "workspace:*",
        "@wrela/runtime": "workspace:*",
      },
    },
    "apps/studio": {
      "name": "@wrela/studio",
      "version": "0.1.0",
      "dependencies": {
        "@wrela/authoring": "workspace:*",
        "@wrela/compiler": "workspace:*",
        "@wrela/delivery": "workspace:*",
        "@wrela/examples": "workspace:*",
        "@wrela/game-creature": "workspace:*",
        "@wrela/model": "workspace:*",
        "@wrela/render-webgpu": "workspace:*",
        "@wrela/review": "workspace:*",
        "@wrela/runtime": "workspace:*",
        "@wrela/world": "workspace:*",
        "react": "19.2.0",
        "react-dom": "19.2.0",
        "zod": "4.1.12",
      },
      "devDependencies": {
        "@wrela/authoring": "workspace:*",
        "@wrela/compiler": "workspace:*",
        "@wrela/examples": "workspace:*",
        "@wrela/model": "workspace:*",
        "@wrela/render-webgpu": "workspace:*",
        "@wrela/runtime": "workspace:*",
      },
    },
    "games/creature-study": {
      "name": "@wrela/game-creature",
      "version": "0.1.0",
      "dependencies": {
        "@wrela/examples": "workspace:*",
        "@wrela/model": "workspace:*",
        "@wrela/runtime": "workspace:*",
      },
      "devDependencies": {
        "@wrela/compiler": "workspace:*",
        "@wrela/examples": "workspace:*",
        "@wrela/model": "workspace:*",
        "@wrela/runtime": "workspace:*",
      },
    },
    "games/showcase": {
      "name": "@wrela/showcase",
      "version": "0.1.0",
      "dependencies": {
        "@wrela/compiler": "workspace:*",
        "@wrela/examples": "workspace:*",
        "@wrela/model": "workspace:*",
        "@wrela/render-webgpu": "workspace:*",
        "@wrela/runtime": "workspace:*",
      },
    },
    "games/switch-gate": {
      "name": "@wrela/game-switch-gate",
      "version": "0.1.0",
      "dependencies": {
        "@wrela/examples": "workspace:*",
        "@wrela/model": "workspace:*",
        "@wrela/runtime": "workspace:*",
        "zod": "4.1.12",
      },
    },
    "games/winter-valley": {
      "name": "@wrela/game-winter",
      "version": "0.1.0",
      "dependencies": {
        "@wrela/examples": "workspace:*",
        "@wrela/model": "workspace:*",
        "@wrela/render-webgpu": "workspace:*",
        "@wrela/runtime": "workspace:*",
        "zod": "4.1.12",
      },
      "devDependencies": {
        "@wrela/examples": "workspace:*",
        "@wrela/model": "workspace:*",
        "@wrela/runtime": "workspace:*",
      },
    },
    "packages/authoring": {
      "name": "@wrela/authoring",
      "version": "0.1.0",
      "dependencies": {
        "@wrela/model": "workspace:*",
        "zod": "4.1.12",
      },
      "devDependencies": {
        "@wrela/examples": "workspace:*",
        "@wrela/model": "workspace:*",
      },
    },
    "packages/compiler": {
      "name": "@wrela/compiler",
      "version": "0.1.0",
      "dependencies": {
        "@wrela/model": "workspace:*",
        "zod": "4.1.12",
      },
      "devDependencies": {
        "@wrela/examples": "workspace:*",
        "@wrela/model": "workspace:*",
      },
    },
    "packages/delivery": {
      "name": "@wrela/delivery",
      "version": "0.1.0",
      "dependencies": {
        "@wrela/compiler": "workspace:*",
        "@wrela/model": "workspace:*",
        "@wrela/runtime": "workspace:*",
      },
    },
    "packages/examples": {
      "name": "@wrela/examples",
      "version": "0.1.0",
      "dependencies": {
        "@wrela/model": "workspace:*",
        "zod": "4.1.12",
      },
    },
    "packages/model": {
      "name": "@wrela/model",
      "version": "0.1.0",
      "dependencies": {
        "zod": "4.1.12",
      },
      "devDependencies": {
        "@wrela/examples": "workspace:*",
      },
    },
    "packages/render-webgpu": {
      "name": "@wrela/render-webgpu",
      "version": "0.1.0",
      "dependencies": {
        "@wrela/model": "workspace:*",
      },
      "devDependencies": {
        "@wrela/examples": "workspace:*",
        "@wrela/model": "workspace:*",
      },
    },
    "packages/review": {
      "name": "@wrela/review",
      "version": "0.1.0",
      "dependencies": {
        "@wrela/authoring": "workspace:*",
        "@wrela/compiler": "workspace:*",
        "@wrela/model": "workspace:*",
        "@wrela/render-webgpu": "workspace:*",
        "@wrela/runtime": "workspace:*",
        "@wrela/world": "workspace:*",
      },
    },
    "packages/runtime": {
      "name": "@wrela/runtime",
      "version": "0.1.0",
      "dependencies": {
        "@dimforge/rapier3d-compat": "0.19.2",
        "@wrela/compiler": "workspace:*",
        "@wrela/model": "workspace:*",
        "@wrela/world": "workspace:*",
        "zod": "4.1.12",
      },
      "devDependencies": {
        "@wrela/compiler": "workspace:*",
        "@wrela/examples": "workspace:*",
        "@wrela/model": "workspace:*",
        "@wrela/world": "workspace:*",
      },
    },
    "packages/world": {
      "name": "@wrela/world",
      "version": "0.1.0",
      "dependencies": {
        "@wrela/compiler": "workspace:*",
        "@wrela/model": "workspace:*",
        "zod": "4.1.12",
      },
      "devDependencies": {
        "@wrela/compiler": "workspace:*",
        "@wrela/examples": "workspace:*",
        "@wrela/model": "workspace:*",
      },
    },
  },
  "packages": {
    "@biomejs/biome": ["@biomejs/biome@2.3.8", "", { "optionalDependencies": { "@biomejs/cli-darwin-arm64": "2.3.8", "@biomejs/cli-darwin-x64": "2.3.8", "@biomejs/cli-linux-arm64": "2.3.8", "@biomejs/cli-linux-arm64-musl": "2.3.8", "@biomejs/cli-linux-x64": "2.3.8", "@biomejs/cli-linux-x64-musl": "2.3.8", "@biomejs/cli-win32-arm64": "2.3.8", "@biomejs/cli-win32-x64": "2.3.8" }, "bin": { "biome": "bin/biome" } }, "sha512-Qjsgoe6FEBxWAUzwFGFrB+1+M8y/y5kwmg5CHac+GSVOdmOIqsAiXM5QMVGZJ1eCUCLlPZtq4aFAQ0eawEUuUA=="],

    "@biomejs/cli-darwin-arm64": ["@biomejs/cli-darwin-arm64@2.3.8", "", { "os": "darwin", "cpu": "arm64" }, "sha512-HM4Zg9CGQ3txTPflxD19n8MFPrmUAjaC7PQdLkugeeC0cQ+PiVrd7i09gaBS/11QKsTDBJhVg85CEIK9f50Qww=="],

    "@biomejs/cli-darwin-x64": ["@biomejs/cli-darwin-x64@2.3.8", "", { "os": "darwin", "cpu": "x64" }, "sha512-lUDQ03D7y/qEao7RgdjWVGCu+BLYadhKTm40HkpJIi6kn8LSv5PAwRlew/DmwP4YZ9ke9XXoTIQDO1vAnbRZlA=="],

    "@biomejs/cli-linux-arm64": ["@biomejs/cli-linux-arm64@2.3.8", "", { "os": "linux", "cpu": "arm64" }, "sha512-Uo1OJnIkJgSgF+USx970fsM/drtPcQ39I+JO+Fjsaa9ZdCN1oysQmy6oAGbyESlouz+rzEckLTF6DS7cWse95g=="],

    "@biomejs/cli-linux-arm64-musl": ["@biomejs/cli-linux-arm64-musl@2.3.8", "", { "os": "linux", "cpu": "arm64" }, "sha512-PShR4mM0sjksUMyxbyPNMxoKFPVF48fU8Qe8Sfx6w6F42verbwRLbz+QiKNiDPRJwUoMG1nPM50OBL3aOnTevA=="],

    "@biomejs/cli-linux-x64": ["@biomejs/cli-linux-x64@2.3.8", "", { "os": "linux", "cpu": "x64" }, "sha512-QDPMD5bQz6qOVb3kiBui0zKZXASLo0NIQ9JVJio5RveBEFgDgsvJFUvZIbMbUZT3T00M/1wdzwWXk4GIh0KaAw=="],

    "@biomejs/cli-linux-x64-musl": ["@biomejs/cli-linux-x64-musl@2.3.8", "", { "os": "linux", "cpu": "x64" }, "sha512-YGLkqU91r1276uwSjiUD/xaVikdxgV1QpsicT0bIA1TaieM6E5ibMZeSyjQ/izBn4tKQthUSsVZacmoJfa3pDA=="],

    "@biomejs/cli-win32-arm64": ["@biomejs/cli-win32-arm64@2.3.8", "", { "os": "win32", "cpu": "arm64" }, "sha512-H4IoCHvL1fXKDrTALeTKMiE7GGWFAraDwBYFquE/L/5r1927Te0mYIGseXi4F+lrrwhSWbSGt5qPFswNoBaCxg=="],

    "@biomejs/cli-win32-x64": ["@biomejs/cli-win32-x64@2.3.8", "", { "os": "win32", "cpu": "x64" }, "sha512-RguzimPoZWtBapfKhKjcWXBVI91tiSprqdBYu7tWhgN8pKRZhw24rFeNZTNf6UiBfjCYCi9eFQs/JzJZIhuK4w=="],

    "@dimforge/rapier3d-compat": ["@dimforge/rapier3d-compat@0.19.2", "", {}, "sha512-AZHL1jqUF55QJkJyU1yKeh4ImX2J93bVLIezT1+o0FZqTix6O06MOaqpKoJ4MmbDCsoZmwO+qc471/SDMDm2AA=="],

    "@types/bun": ["@types/bun@1.3.10", "", { "dependencies": { "bun-types": "1.3.10" } }, "sha512-0+rlrUrOrTSskibryHbvQkDOWRJwJZqZlxrUs1u4oOoTln8+WIXBPmAuCF35SWB2z4Zl3E84Nl/D0P7803nigQ=="],

    "@types/node": ["@types/node@26.6.2", "", { "dependencies": { "undici-types": "~8.9.0" } }, "sha512-X1P21scMv4zGKLYqjdGjaKa7COa0RKVYYZZN/NfvLQ1JegxFhdhpZG/Lyn8AXx6CDUavKAd11v6BvfpkDByK8g=="],

    "@types/react": ["@types/react@19.2.2", "", { "dependencies": { "csstype": "^3.0.2" } }, "sha512-6mDvHUFSjyT2B2yeNx2nUgMxh9LtOWvkhIU3uePn2I2oyNymUAX1NIsdgviM4CH+JSrp2D2hsMvJOkxY+0wNRA=="],

    "@types/react-dom": ["@types/react-dom@19.2.2", "", { "peerDependencies": { "@types/react": "^19.2.0" } }, "sha512-9KQPoO6mZCi7jcIStSnlOWn2nEF3mNmyr3rIAsGnAbQKYbRLyqmeSc39EVgtxXVia+LMT8j3knZLAZAh+xLmrw=="],

    "@webgpu/types": ["@webgpu/types@0.1.64", "", {}, "sha512-84kRIAGV46LJTlJZWxShiOrNL30A+9KokD7RB3dRCIqODFjodS5tCD5yyiZ8kIReGVZSDfA3XkkwyyOIF6K62A=="],

    "@wrela/authoring": ["@wrela/authoring@workspace:packages/authoring"],

    "@wrela/compiler": ["@wrela/compiler@workspace:packages/compiler"],

    "@wrela/delivery": ["@wrela/delivery@workspace:packages/delivery"],

    "@wrela/examples": ["@wrela/examples@workspace:packages/examples"],

    "@wrela/game-creature": ["@wrela/game-creature@workspace:games/creature-study"],

    "@wrela/game-switch-gate": ["@wrela/game-switch-gate@workspace:games/switch-gate"],

    "@wrela/game-winter": ["@wrela/game-winter@workspace:games/winter-valley"],

    "@wrela/model": ["@wrela/model@workspace:packages/model"],

    "@wrela/player": ["@wrela/player@workspace:apps/player"],

    "@wrela/render-webgpu": ["@wrela/render-webgpu@workspace:packages/render-webgpu"],

    "@wrela/review": ["@wrela/review@workspace:packages/review"],

    "@wrela/runtime": ["@wrela/runtime@workspace:packages/runtime"],

    "@wrela/showcase": ["@wrela/showcase@workspace:games/showcase"],

    "@wrela/studio": ["@wrela/studio@workspace:apps/studio"],

    "@wrela/world": ["@wrela/world@workspace:packages/world"],

    "bun-types": ["bun-types@1.3.10", "", { "dependencies": { "@types/node": "*" } }, "sha512-tcpfCCl6XWo6nCVnpcVrxQ+9AYN1iqMIzgrSKYMB/fjLtV2eyAVEg7AxQJuCq/26R6HpKWykQXuSOq/21RYcbg=="],

    "csstype": ["csstype@3.2.3", "", {}, "sha512-z1HGKcYy2xA8AGQfwrn0PAy+PB7X/GSj3UVJW9qKyn43xWa+gl5nXmU4qqLMRzWVLFC8KusUX8T/0kCiOYpAIQ=="],

    "react": ["react@19.2.0", "", {}, "sha512-tmbWg6W31tQLeB5cdIBOicJDJRR2KzXsV7uSK9iNfLWQ5bIZfxuPEHp7M8wiHyHnn0DD1i7w3Zmin0FtkrwoCQ=="],

    "react-dom": ["react-dom@19.2.0", "", { "dependencies": { "scheduler": "^0.27.0" }, "peerDependencies": { "react": "^19.2.0" } }, "sha512-UlbRu4cAiGaIewkPyiRGJk0imDN2T3JjieT6spoL2UeSf5od4n5LB/mQ4ejmxhCFT1tYe8IvaFulzynWovsEFQ=="],

    "scheduler": ["scheduler@0.27.0", "", {}, "sha512-eNv+WrVbKu1f3vbYJT/xtiF5syA5HPIMtf9IgY/nKg0sWqzAUEvqY/xm7OcZc/qafLx/iO9FgOmeSAp4v5ti/Q=="],

    "typescript": ["typescript@5.9.3", "", { "bin": { "tsc": "bin/tsc", "tsserver": "bin/tsserver" } }, "sha512-jl1vZzPDinLr9eUt3J/t7V6FgNEw9QjvBPdysz9KfQDD41fQrC2Y4vKQdiaUpFT4bXlb1RHhLpp8wtm6M5TgSw=="],

    "undici-types": ["undici-types@8.9.0", "", {}, "sha512-KTDyRTYX8sWmKXAikPHHSyc63CRPETMctyjKFupcC6OBLXT3xsN0e9aF7m+mIXutFWpUXuedtowG7iLOzp0kQg=="],

    "zod": ["zod@4.1.12", "", {}, "sha512-JInaHOamG8pt5+Ey8kGmdcAcg3OL9reK8ltczgHTAwNhMys/6ThXHityHxVV2p3fkw/c+MAvBHFVYHFZDmjMCQ=="],
  }
}
